
Microsoft Visual Studio Solution File, Format Version 12.00
# Visual Studio Version 17
VisualStudioVersion = 17.1.32319.34
MinimumVisualStudioVersion = 10.0.40219.1
Project("{2150E333-8FDC-42A3-9474-1A3956D46DE8}") = "WK1 - Test", "WK1 - Test", "{34F981DE-7E98-4CCD-A645-E65F4B1C0B61}"
EndProject
Project("{2150E333-8FDC-42A3-9474-1A3956D46DE8}") = "WK2 - Topic 2 - Code", "WK2 - Topic 2 - Code", "{51FBC7E1-6EA1-4A23-A4FA-ACA1BDA82021}"
EndProject
Project("{8BC9CEB8-8B4A-11D0-8D11-00A0C91BC942}") = "Hello World!", "Hello World!\Hello World!.vcxproj", "{7D8E9312-1505-4201-9585-A36C6C1F28B7}"
EndProject
Project("{8BC9CEB8-8B4A-11D0-8D11-00A0C91BC942}") = "Debugging-WK2-P3", "Debugging-WK2-P3\Debugging-WK2-P3.vcxproj", "{406B9C25-F1B6-4CAC-B4CA-2210E57DD82E}"
EndProject
Project("{8BC9CEB8-8B4A-11D0-8D11-00A0C91BC942}") = "Proper Code - Part 3", "Proper Code - Part 3\Proper Code - Part 3.vcxproj", "{9FD6434C-6C43-4239-AD19-67F88789A1E6}"
EndProject
Project("{8BC9CEB8-8B4A-11D0-8D11-00A0C91BC942}") = "WK3 - Variables", "WK3 - Variables\WK3 - Variables.vcxproj", "{1B878128-F75B-4171-A252-E99E10CED69D}"
EndProject
Project("{8BC9CEB8-8B4A-11D0-8D11-00A0C91BC942}") = "WK3 - Part 4 - Headers", "WK3 - Part 4 - Headers\WK3 - Part 4 - Headers.vcxproj", "{F52437E7-727F-4521-9AB8-1CB92C91560E}"
EndProject
Project("{8BC9CEB8-8B4A-11D0-8D11-00A0C91BC942}") = "WK4 - Loops", "WK4 - Loops\WK4 - Loops.vcxproj", "{622BEE98-E1B8-45B8-AA9B-BBC9DAD1DD26}"
EndProject
Project("{8BC9CEB8-8B4A-11D0-8D11-00A0C91BC942}") = "WK4-Act4-4-Version1", "WK4-Act4-4\WK4-Act4-4.vcxproj", "{04A10214-FB2C-418C-9BE9-77F8035FE5BC}"
EndProject
Project("{8BC9CEB8-8B4A-11D0-8D11-00A0C91BC942}") = "WK4-Act4-4-Ver2", "WK4-Act4-4-Ver2\WK4-Act4-4-Ver2.vcxproj", "{C27EA43D-3E63-41BF-ADF0-611C000875C5}"
EndProject
Project("{8BC9CEB8-8B4A-11D0-8D11-00A0C91BC942}") = "WK4-Act4-4-Ver3", "WK4-Act4-4-Ver3\WK4-Act4-4-Ver3.vcxproj", "{BECACAA2-4927-4BF6-9C66-E17283644721}"
EndProject
Project("{8BC9CEB8-8B4A-11D0-8D11-00A0C91BC942}") = "POSConfigurator", "POSConfigurator\POSConfigurator.vcxproj", "{BF6D1028-B3E5-47B0-84FC-BC4513186E33}"
EndProject
Global
	GlobalSection(SolutionConfigurationPlatforms) = preSolution
		Debug|Any CPU = Debug|Any CPU
		Debug|x64 = Debug|x64
		Debug|x86 = Debug|x86
		Release|Any CPU = Release|Any CPU
		Release|x64 = Release|x64
		Release|x86 = Release|x86
	EndGlobalSection
	GlobalSection(ProjectConfigurationPlatforms) = postSolution
		{7D8E9312-1505-4201-9585-A36C6C1F28B7}.Debug|Any CPU.ActiveCfg = Debug|x64
		{7D8E9312-1505-4201-9585-A36C6C1F28B7}.Debug|Any CPU.Build.0 = Debug|x64
		{7D8E9312-1505-4201-9585-A36C6C1F28B7}.Debug|x64.ActiveCfg = Debug|x64
		{7D8E9312-1505-4201-9585-A36C6C1F28B7}.Debug|x64.Build.0 = Debug|x64
		{7D8E9312-1505-4201-9585-A36C6C1F28B7}.Debug|x86.ActiveCfg = Debug|Win32
		{7D8E9312-1505-4201-9585-A36C6C1F28B7}.Debug|x86.Build.0 = Debug|Win32
		{7D8E9312-1505-4201-9585-A36C6C1F28B7}.Release|Any CPU.ActiveCfg = Release|x64
		{7D8E9312-1505-4201-9585-A36C6C1F28B7}.Release|Any CPU.Build.0 = Release|x64
		{7D8E9312-1505-4201-9585-A36C6C1F28B7}.Release|x64.ActiveCfg = Release|x64
		{7D8E9312-1505-4201-9585-A36C6C1F28B7}.Release|x64.Build.0 = Release|x64
		{7D8E9312-1505-4201-9585-A36C6C1F28B7}.Release|x86.ActiveCfg = Release|Win32
		{7D8E9312-1505-4201-9585-A36C6C1F28B7}.Release|x86.Build.0 = Release|Win32
		{406B9C25-F1B6-4CAC-B4CA-2210E57DD82E}.Debug|Any CPU.ActiveCfg = Debug|x64
		{406B9C25-F1B6-4CAC-B4CA-2210E57DD82E}.Debug|Any CPU.Build.0 = Debug|x64
		{406B9C25-F1B6-4CAC-B4CA-2210E57DD82E}.Debug|x64.ActiveCfg = Debug|x64
		{406B9C25-F1B6-4CAC-B4CA-2210E57DD82E}.Debug|x64.Build.0 = Debug|x64
		{406B9C25-F1B6-4CAC-B4CA-2210E57DD82E}.Debug|x86.ActiveCfg = Debug|Win32
		{406B9C25-F1B6-4CAC-B4CA-2210E57DD82E}.Debug|x86.Build.0 = Debug|Win32
		{406B9C25-F1B6-4CAC-B4CA-2210E57DD82E}.Release|Any CPU.ActiveCfg = Release|x64
		{406B9C25-F1B6-4CAC-B4CA-2210E57DD82E}.Release|Any CPU.Build.0 = Release|x64
		{406B9C25-F1B6-4CAC-B4CA-2210E57DD82E}.Release|x64.ActiveCfg = Release|x64
		{406B9C25-F1B6-4CAC-B4CA-2210E57DD82E}.Release|x64.Build.0 = Release|x64
		{406B9C25-F1B6-4CAC-B4CA-2210E57DD82E}.Release|x86.ActiveCfg = Release|Win32
		{406B9C25-F1B6-4CAC-B4CA-2210E57DD82E}.Release|x86.Build.0 = Release|Win32
		{9FD6434C-6C43-4239-AD19-67F88789A1E6}.Debug|Any CPU.ActiveCfg = Debug|x64
		{9FD6434C-6C43-4239-AD19-67F88789A1E6}.Debug|Any CPU.Build.0 = Debug|x64
		{9FD6434C-6C43-4239-AD19-67F88789A1E6}.Debug|x64.ActiveCfg = Debug|x64
		{9FD6434C-6C43-4239-AD19-67F88789A1E6}.Debug|x64.Build.0 = Debug|x64
		{9FD6434C-6C43-4239-AD19-67F88789A1E6}.Debug|x86.ActiveCfg = Debug|Win32
		{9FD6434C-6C43-4239-AD19-67F88789A1E6}.Debug|x86.Build.0 = Debug|Win32
		{9FD6434C-6C43-4239-AD19-67F88789A1E6}.Release|Any CPU.ActiveCfg = Release|x64
		{9FD6434C-6C43-4239-AD19-67F88789A1E6}.Release|Any CPU.Build.0 = Release|x64
		{9FD6434C-6C43-4239-AD19-67F88789A1E6}.Release|x64.ActiveCfg = Release|x64
		{9FD6434C-6C43-4239-AD19-67F88789A1E6}.Release|x64.Build.0 = Release|x64
		{9FD6434C-6C43-4239-AD19-67F88789A1E6}.Release|x86.ActiveCfg = Release|Win32
		{9FD6434C-6C43-4239-AD19-67F88789A1E6}.Release|x86.Build.0 = Release|Win32
		{1B878128-F75B-4171-A252-E99E10CED69D}.Debug|Any CPU.ActiveCfg = Debug|x64
		{1B878128-F75B-4171-A252-E99E10CED69D}.Debug|Any CPU.Build.0 = Debug|x64
		{1B878128-F75B-4171-A252-E99E10CED69D}.Debug|x64.ActiveCfg = Debug|x64
		{1B878128-F75B-4171-A252-E99E10CED69D}.Debug|x64.Build.0 = Debug|x64
		{1B878128-F75B-4171-A252-E99E10CED69D}.Debug|x86.ActiveCfg = Debug|Win32
		{1B878128-F75B-4171-A252-E99E10CED69D}.Debug|x86.Build.0 = Debug|Win32
		{1B878128-F75B-4171-A252-E99E10CED69D}.Release|Any CPU.ActiveCfg = Release|x64
		{1B878128-F75B-4171-A252-E99E10CED69D}.Release|Any CPU.Build.0 = Release|x64
		{1B878128-F75B-4171-A252-E99E10CED69D}.Release|x64.ActiveCfg = Release|x64
		{1B878128-F75B-4171-A252-E99E10CED69D}.Release|x64.Build.0 = Release|x64
		{1B878128-F75B-4171-A252-E99E10CED69D}.Release|x86.ActiveCfg = Release|Win32
		{1B878128-F75B-4171-A252-E99E10CED69D}.Release|x86.Build.0 = Release|Win32
		{F52437E7-727F-4521-9AB8-1CB92C91560E}.Debug|Any CPU.ActiveCfg = Debug|x64
		{F52437E7-727F-4521-9AB8-1CB92C91560E}.Debug|Any CPU.Build.0 = Debug|x64
		{F52437E7-727F-4521-9AB8-1CB92C91560E}.Debug|x64.ActiveCfg = Debug|x64
		{F52437E7-727F-4521-9AB8-1CB92C91560E}.Debug|x64.Build.0 = Debug|x64
		{F52437E7-727F-4521-9AB8-1CB92C91560E}.Debug|x86.ActiveCfg = Debug|Win32
		{F52437E7-727F-4521-9AB8-1CB92C91560E}.Debug|x86.Build.0 = Debug|Win32
		{F52437E7-727F-4521-9AB8-1CB92C91560E}.Release|Any CPU.ActiveCfg = Release|x64
		{F52437E7-727F-4521-9AB8-1CB92C91560E}.Release|Any CPU.Build.0 = Release|x64
		{F52437E7-727F-4521-9AB8-1CB92C91560E}.Release|x64.ActiveCfg = Release|x64
		{F52437E7-727F-4521-9AB8-1CB92C91560E}.Release|x64.Build.0 = Release|x64
		{F52437E7-727F-4521-9AB8-1CB92C91560E}.Release|x86.ActiveCfg = Release|Win32
		{F52437E7-727F-4521-9AB8-1CB92C91560E}.Release|x86.Build.0 = Release|Win32
		{622BEE98-E1B8-45B8-AA9B-BBC9DAD1DD26}.Debug|Any CPU.ActiveCfg = Debug|x64
		{622BEE98-E1B8-45B8-AA9B-BBC9DAD1DD26}.Debug|Any CPU.Build.0 = Debug|x64
		{622BEE98-E1B8-45B8-AA9B-BBC9DAD1DD26}.Debug|x64.ActiveCfg = Debug|x64
		{622BEE98-E1B8-45B8-AA9B-BBC9DAD1DD26}.Debug|x64.Build.0 = Debug|x64
		{622BEE98-E1B8-45B8-AA9B-BBC9DAD1DD26}.Debug|x86.ActiveCfg = Debug|Win32
		{622BEE98-E1B8-45B8-AA9B-BBC9DAD1DD26}.Debug|x86.Build.0 = Debug|Win32
		{622BEE98-E1B8-45B8-AA9B-BBC9DAD1DD26}.Release|Any CPU.ActiveCfg = Release|x64
		{622BEE98-E1B8-45B8-AA9B-BBC9DAD1DD26}.Release|Any CPU.Build.0 = Release|x64
		{622BEE98-E1B8-45B8-AA9B-BBC9DAD1DD26}.Release|x64.ActiveCfg = Release|x64
		{622BEE98-E1B8-45B8-AA9B-BBC9DAD1DD26}.Release|x64.Build.0 = Release|x64
		{622BEE98-E1B8-45B8-AA9B-BBC9DAD1DD26}.Release|x86.ActiveCfg = Release|Win32
		{622BEE98-E1B8-45B8-AA9B-BBC9DAD1DD26}.Release|x86.Build.0 = Release|Win32
		{04A10214-FB2C-418C-9BE9-77F8035FE5BC}.Debug|Any CPU.ActiveCfg = Debug|x64
		{04A10214-FB2C-418C-9BE9-77F8035FE5BC}.Debug|Any CPU.Build.0 = Debug|x64
		{04A10214-FB2C-418C-9BE9-77F8035FE5BC}.Debug|x64.ActiveCfg = Debug|x64
		{04A10214-FB2C-418C-9BE9-77F8035FE5BC}.Debug|x64.Build.0 = Debug|x64
		{04A10214-FB2C-418C-9BE9-77F8035FE5BC}.Debug|x86.ActiveCfg = Debug|Win32
		{04A10214-FB2C-418C-9BE9-77F8035FE5BC}.Debug|x86.Build.0 = Debug|Win32
		{04A10214-FB2C-418C-9BE9-77F8035FE5BC}.Release|Any CPU.ActiveCfg = Release|x64
		{04A10214-FB2C-418C-9BE9-77F8035FE5BC}.Release|Any CPU.Build.0 = Release|x64
		{04A10214-FB2C-418C-9BE9-77F8035FE5BC}.Release|x64.ActiveCfg = Release|x64
		{04A10214-FB2C-418C-9BE9-77F8035FE5BC}.Release|x64.Build.0 = Release|x64
		{04A10214-FB2C-418C-9BE9-77F8035FE5BC}.Release|x86.ActiveCfg = Release|Win32
		{04A10214-FB2C-418C-9BE9-77F8035FE5BC}.Release|x86.Build.0 = Release|Win32
		{C27EA43D-3E63-41BF-ADF0-611C000875C5}.Debug|Any CPU.ActiveCfg = Debug|x64
		{C27EA43D-3E63-41BF-ADF0-611C000875C5}.Debug|Any CPU.Build.0 = Debug|x64
		{C27EA43D-3E63-41BF-ADF0-611C000875C5}.Debug|x64.ActiveCfg = Debug|x64
		{C27EA43D-3E63-41BF-ADF0-611C000875C5}.Debug|x64.Build.0 = Debug|x64
		{C27EA43D-3E63-41BF-ADF0-611C000875C5}.Debug|x86.ActiveCfg = Debug|Win32
		{C27EA43D-3E63-41BF-ADF0-611C000875C5}.Debug|x86.Build.0 = Debug|Win32
		{C27EA43D-3E63-41BF-ADF0-611C000875C5}.Release|Any CPU.ActiveCfg = Release|x64
		{C27EA43D-3E63-41BF-ADF0-611C000875C5}.Release|Any CPU.Build.0 = Release|x64
		{C27EA43D-3E63-41BF-ADF0-611C000875C5}.Release|x64.ActiveCfg = Release|x64
		{C27EA43D-3E63-41BF-ADF0-611C000875C5}.Release|x64.Build.0 = Release|x64
		{C27EA43D-3E63-41BF-ADF0-611C000875C5}.Release|x86.ActiveCfg = Release|Win32
		{C27EA43D-3E63-41BF-ADF0-611C000875C5}.Release|x86.Build.0 = Release|Win32
		{BECACAA2-4927-4BF6-9C66-E17283644721}.Debug|Any CPU.ActiveCfg = Debug|x64
		{BECACAA2-4927-4BF6-9C66-E17283644721}.Debug|Any CPU.Build.0 = Debug|x64
		{BECACAA2-4927-4BF6-9C66-E17283644721}.Debug|x64.ActiveCfg = Debug|x64
		{BECACAA2-4927-4BF6-9C66-E17283644721}.Debug|x64.Build.0 = Debug|x64
		{BECACAA2-4927-4BF6-9C66-E17283644721}.Debug|x86.ActiveCfg = Debug|Win32
		{BECACAA2-4927-4BF6-9C66-E17283644721}.Debug|x86.Build.0 = Debug|Win32
		{BECACAA2-4927-4BF6-9C66-E17283644721}.Release|Any CPU.ActiveCfg = Release|x64
		{BECACAA2-4927-4BF6-9C66-E17283644721}.Release|Any CPU.Build.0 = Release|x64
		{BECACAA2-4927-4BF6-9C66-E17283644721}.Release|x64.ActiveCfg = Release|x64
		{BECACAA2-4927-4BF6-9C66-E17283644721}.Release|x64.Build.0 = Release|x64
		{BECACAA2-4927-4BF6-9C66-E17283644721}.Release|x86.ActiveCfg = Release|Win32
		{BECACAA2-4927-4BF6-9C66-E17283644721}.Release|x86.Build.0 = Release|Win32
		{BF6D1028-B3E5-47B0-84FC-BC4513186E33}.Debug|Any CPU.ActiveCfg = Debug|x64
		{BF6D1028-B3E5-47B0-84FC-BC4513186E33}.Debug|Any CPU.Build.0 = Debug|x64
		{BF6D1028-B3E5-47B0-84FC-BC4513186E33}.Debug|x64.ActiveCfg = Debug|x64
		{BF6D1028-B3E5-47B0-84FC-BC4513186E33}.Debug|x64.Build.0 = Debug|x64
		{BF6D1028-B3E5-47B0-84FC-BC4513186E33}.Debug|x86.ActiveCfg = Debug|Win32
		{BF6D1028-B3E5-47B0-84FC-BC4513186E33}.Debug|x86.Build.0 = Debug|Win32
		{BF6D1028-B3E5-47B0-84FC-BC4513186E33}.Release|Any CPU.ActiveCfg = Release|x64
		{BF6D1028-B3E5-47B0-84FC-BC4513186E33}.Release|Any CPU.Build.0 = Release|x64
		{BF6D1028-B3E5-47B0-84FC-BC4513186E33}.Release|x64.ActiveCfg = Release|x64
		{BF6D1028-B3E5-47B0-84FC-BC4513186E33}.Release|x64.Build.0 = Release|x64
		{BF6D1028-B3E5-47B0-84FC-BC4513186E33}.Release|x86.ActiveCfg = Release|Win32
		{BF6D1028-B3E5-47B0-84FC-BC4513186E33}.Release|x86.Build.0 = Release|Win32
	EndGlobalSection
	GlobalSection(SolutionProperties) = preSolution
		HideSolutionNode = FALSE
	EndGlobalSection
	GlobalSection(NestedProjects) = preSolution
		{7D8E9312-1505-4201-9585-A36C6C1F28B7} = {34F981DE-7E98-4CCD-A645-E65F4B1C0B61}
		{406B9C25-F1B6-4CAC-B4CA-2210E57DD82E} = {51FBC7E1-6EA1-4A23-A4FA-ACA1BDA82021}
		{9FD6434C-6C43-4239-AD19-67F88789A1E6} = {51FBC7E1-6EA1-4A23-A4FA-ACA1BDA82021}
	EndGlobalSection
	GlobalSection(ExtensibilityGlobals) = postSolution
		SolutionGuid = {BD8E312E-2BE9-43B0-A9CF-88EBADFA8887}
	EndGlobalSection
EndGlobal
