
Microsoft Visual Studio Solution File, Format Version 12.00
# Visual Studio Version 17
VisualStudioVersion = 17.1.32319.34
MinimumVisualStudioVersion = 10.0.40219.1
Project("{2150E333-8FDC-42A3-9474-1A3956D46DE8}") = "WK1 - Test", "WK1 - Test", "{34F981DE-7E98-4CCD-A645-E65F4B1C0B61}"
EndProject
Project("{2150E333-8FDC-42A3-9474-1A3956D46DE8}") = "WK2 - Topic 2 - Code", "WK2 - Topic 2 - Code", "{51FBC7E1-6EA1-4A23-A4FA-ACA1BDA82021}"
EndProject
Project("{8BC9CEB8-8B4A-11D0-8D11-00A0C91BC942}") = "Hello World!", "Hello World!\Hello World!.vcxproj", "{7D8E9312-1505-4201-9585-A36C6C1F28B7}"
EndProject
Project("{8BC9CEB8-8B4A-11D0-8D11-00A0C91BC942}") = "Debugging-WK2-P3", "Debugging-WK2-P3\Debugging-WK2-P3.vcxproj", "{406B9C25-F1B6-4CAC-B4CA-2210E57DD82E}"
EndProject
Project("{8BC9CEB8-8B4A-11D0-8D11-00A0C91BC942}") = "Proper Code - Part 3", "Proper Code - Part 3\Proper Code - Part 3.vcxproj", "{9FD6434C-6C43-4239-AD19-67F88789A1E6}"
EndProject
Project("{8BC9CEB8-8B4A-11D0-8D11-00A0C91BC942}") = "WK3 - Variables", "WK3 - Variables\WK3 - Variables.vcxproj", "{1B878128-F75B-4171-A252-E99E10CED69D}"
EndProject
Project("{8BC9CEB8-8B4A-11D0-8D11-00A0C91BC942}") = "WK3 - Part 4 - Headers", "WK3 - Part 4 - Headers\WK3 - Part 4 - Headers.vcxproj", "{F52437E7-727F-4521-9AB8-1CB92C91560E}"
EndProject
Project("{8BC9CEB8-8B4A-11D0-8D11-00A0C91BC942}") = "WK4 - Loops", "WK4 - Loops\WK4 - Loops.vcxproj", "{622BEE98-E1B8-45B8-AA9B-BBC9DAD1DD26}"
EndProject
Project("{8BC9CEB8-8B4A-11D0-8D11-00A0C91BC942}") = "WK4-Act4-4-Version1", "WK4-Act4-4\WK4-Act4-4.vcxproj", "{04A10214-FB2C-418C-9BE9-77F8035FE5BC}"
EndProject
Project("{8BC9CEB8-8B4A-11D0-8D11-00A0C91BC942}") = "WK4-Act4-4-Ver2", "WK4-Act4-4-Ver2\WK4-Act4-4-Ver2.vcxproj", "{C27EA43D-3E63-41BF-ADF0-611C000875C5}"
EndProject
Project("{8BC9CEB8-8B4A-11D0-8D11-00A0C91BC942}") = "WK4-Act4-4-Ver3", "WK4-Act4-4-Ver3\WK4-Act4-4-Ver3.vcxproj", "{BECACAA2-4927-4BF6-9C66-E17283644721}"
EndProject
Project("{8BC9CEB8-8B4A-11D0-8D11-00A0C91BC942}") = "POSConfigurator", "POSConfigurator\POSConfigurator.vcxproj", "{BF6D1028-B3E5-47B0-84FC-BC4513186E33}"
EndProject
Project("{8BC9CEB8-8B4A-11D0-8D11-00A0C91BC942}") = "WK5-Test", "WK5-Test\WK5-Test.vcxproj", "{D22B8619-EE3C-4EC0-B3D8-2F2498B7C3E4}"
EndProject
Project("{8BC9CEB8-8B4A-11D0-8D11-00A0C91BC942}") = "WK5-WritingCode-PT1", "WK5-WritingCode-PT1\WK5-WritingCode-PT1.vcxproj", "{BE0CE65F-F864-4409-8482-EB29B56C44E7}"
EndProject
Project("{8BC9CEB8-8B4A-11D0-8D11-00A0C91BC942}") = "WK5-Part5-Assembly", "WK5-Part5-Assembly\WK5-Part5-Assembly.vcxproj", "{0DA18872-228B-4894-A76B-90C1C9C2C7E9}"
EndProject
Project("{8BC9CEB8-8B4A-11D0-8D11-00A0C91BC942}") = "WK5-Assembly-ButC", "WK5-Assembly-ButC\WK5-Assembly-ButC.vcxproj", "{668764EE-F30D-496F-9C4D-D0EFFF94FB4D}"
EndProject
Project("{8BC9CEB8-8B4A-11D0-8D11-00A0C91BC942}") = "POSConfigurationAR2", "POSConfigurationAR2\POSConfigurationAR2.vcxproj", "{6A160354-3ADE-4E03-9717-6EC1BB7E3334}"
EndProject
Project("{8BC9CEB8-8B4A-11D0-8D11-00A0C91BC942}") = "TimeDateTest", "TimeDateTest\TimeDateTest.vcxproj", "{9F72D70E-4A37-4559-8F62-CDFE24F89D66}"
EndProject
Project("{8BC9CEB8-8B4A-11D0-8D11-00A0C91BC942}") = "Week 6", "Week 6\Week 6.vcxproj", "{82565197-F1B1-4426-BDEC-F8E7D6D2E24A}"
EndProject
Project("{8BC9CEB8-8B4A-11D0-8D11-00A0C91BC942}") = "Week6-PT4-WritingCode", "Week6-PT4-WritingCode\Week6-PT4-WritingCode.vcxproj", "{96DE9011-712C-455E-9857-7035B019F237}"
EndProject
Project("{2150E333-8FDC-42A3-9474-1A3956D46DE8}") = "WK3", "WK3", "{AAD67A5D-0D05-4FB9-9532-EC20577F3790}"
EndProject
Project("{2150E333-8FDC-42A3-9474-1A3956D46DE8}") = "WK4", "WK4", "{90E2536F-7BD5-44A0-9FD5-6F601D850AC9}"
EndProject
Project("{2150E333-8FDC-42A3-9474-1A3956D46DE8}") = "WK5", "WK5", "{DB3A221B-5B34-4F20-B9BE-CD4446FAA6C6}"
EndProject
Project("{2150E333-8FDC-42A3-9474-1A3956D46DE8}") = "Random", "Random", "{F64B5841-740A-4B02-B7B8-7250DE97C98E}"
EndProject
Project("{2150E333-8FDC-42A3-9474-1A3956D46DE8}") = "Milestone Projects", "Milestone Projects", "{D8F6B3DE-5584-4AC0-ACDC-E3B9B6A51419}"
EndProject
Project("{2150E333-8FDC-42A3-9474-1A3956D46DE8}") = "WK6", "WK6", "{3E51B1E9-8332-4C78-BE94-D3DA9425E3EF}"
EndProject
Project("{8BC9CEB8-8B4A-11D0-8D11-00A0C91BC942}") = "WK6-Winsock", "WK6-Winsock\WK6-Winsock.vcxproj", "{A2A39AF7-8C4E-4840-AD0F-0B7C7C4486BE}"
EndProject
Project("{2150E333-8FDC-42A3-9474-1A3956D46DE8}") = "WK7", "WK7", "{6AD0CA6D-19F2-4E75-B5F2-91B4654B3AE6}"
EndProject
Project("{8BC9CEB8-8B4A-11D0-8D11-00A0C91BC942}") = "WK7-PT2", "WK7-PT2\WK7-PT2.vcxproj", "{8C76471B-F07E-4802-9FFE-147717BA5EDD}"
EndProject
Project("{8BC9CEB8-8B4A-11D0-8D11-00A0C91BC942}") = "WK7-PT4", "WK7-PT4\WK7-PT4.vcxproj", "{50B64D18-B7E0-4E3E-AD76-AAFA4E340C02}"
EndProject
Project("{2150E333-8FDC-42A3-9474-1A3956D46DE8}") = "V1", "V1", "{3A52658F-2C03-403D-A5AE-E77BE01F6EA7}"
EndProject
Project("{2150E333-8FDC-42A3-9474-1A3956D46DE8}") = "V2", "V2", "{C4998BFF-8B4D-4DCE-B1AC-B375CF409C73}"
EndProject
Project("{2150E333-8FDC-42A3-9474-1A3956D46DE8}") = "V3", "V3", "{3A68595D-475D-4E83-B76E-A846E8236A2E}"
EndProject
Project("{2150E333-8FDC-42A3-9474-1A3956D46DE8}") = "V4-FINAL", "V4-FINAL", "{EB2939E8-3FC3-478B-9F99-0340A97BBAF8}"
EndProject
Project("{8BC9CEB8-8B4A-11D0-8D11-00A0C91BC942}") = "POSConfigurator-AR3", "POSConfiguratorAR3\POSConfiguratorAR3.vcxproj", "{65BC851C-FF94-494E-B55A-B79A0E3D966F}"
EndProject
Project("{2150E333-8FDC-42A3-9474-1A3956D46DE8}") = "WK8", "WK8", "{D34AADD5-5A1A-4DF6-BF73-66E51EB3BCF9}"
EndProject
Project("{8BC9CEB8-8B4A-11D0-8D11-00A0C91BC942}") = "POSConfigurator-AR4-FINAL", "POSConfigurator-4-FINAL\POSConfiguratorFINAL.vcxproj", "{52F86617-6F89-40AB-AEB9-2A0A0D52478B}"
EndProject
Global
	GlobalSection(SolutionConfigurationPlatforms) = preSolution
		Debug|Any CPU = Debug|Any CPU
		Debug|x64 = Debug|x64
		Debug|x86 = Debug|x86
		Release|Any CPU = Release|Any CPU
		Release|x64 = Release|x64
		Release|x86 = Release|x86
	EndGlobalSection
	GlobalSection(ProjectConfigurationPlatforms) = postSolution
		{7D8E9312-1505-4201-9585-A36C6C1F28B7}.Debug|Any CPU.ActiveCfg = Debug|x64
		{7D8E9312-1505-4201-9585-A36C6C1F28B7}.Debug|Any CPU.Build.0 = Debug|x64
		{7D8E9312-1505-4201-9585-A36C6C1F28B7}.Debug|x64.ActiveCfg = Debug|x64
		{7D8E9312-1505-4201-9585-A36C6C1F28B7}.Debug|x64.Build.0 = Debug|x64
		{7D8E9312-1505-4201-9585-A36C6C1F28B7}.Debug|x86.ActiveCfg = Debug|Win32
		{7D8E9312-1505-4201-9585-A36C6C1F28B7}.Debug|x86.Build.0 = Debug|Win32
		{7D8E9312-1505-4201-9585-A36C6C1F28B7}.Release|Any CPU.ActiveCfg = Release|x64
		{7D8E9312-1505-4201-9585-A36C6C1F28B7}.Release|Any CPU.Build.0 = Release|x64
		{7D8E9312-1505-4201-9585-A36C6C1F28B7}.Release|x64.ActiveCfg = Release|x64
		{7D8E9312-1505-4201-9585-A36C6C1F28B7}.Release|x64.Build.0 = Release|x64
		{7D8E9312-1505-4201-9585-A36C6C1F28B7}.Release|x86.ActiveCfg = Release|Win32
		{7D8E9312-1505-4201-9585-A36C6C1F28B7}.Release|x86.Build.0 = Release|Win32
		{406B9C25-F1B6-4CAC-B4CA-2210E57DD82E}.Debug|Any CPU.ActiveCfg = Debug|x64
		{406B9C25-F1B6-4CAC-B4CA-2210E57DD82E}.Debug|Any CPU.Build.0 = Debug|x64
		{406B9C25-F1B6-4CAC-B4CA-2210E57DD82E}.Debug|x64.ActiveCfg = Debug|x64
		{406B9C25-F1B6-4CAC-B4CA-2210E57DD82E}.Debug|x64.Build.0 = Debug|x64
		{406B9C25-F1B6-4CAC-B4CA-2210E57DD82E}.Debug|x86.ActiveCfg = Debug|Win32
		{406B9C25-F1B6-4CAC-B4CA-2210E57DD82E}.Debug|x86.Build.0 = Debug|Win32
		{406B9C25-F1B6-4CAC-B4CA-2210E57DD82E}.Release|Any CPU.ActiveCfg = Release|x64
		{406B9C25-F1B6-4CAC-B4CA-2210E57DD82E}.Release|Any CPU.Build.0 = Release|x64
		{406B9C25-F1B6-4CAC-B4CA-2210E57DD82E}.Release|x64.ActiveCfg = Release|x64
		{406B9C25-F1B6-4CAC-B4CA-2210E57DD82E}.Release|x64.Build.0 = Release|x64
		{406B9C25-F1B6-4CAC-B4CA-2210E57DD82E}.Release|x86.ActiveCfg = Release|Win32
		{406B9C25-F1B6-4CAC-B4CA-2210E57DD82E}.Release|x86.Build.0 = Release|Win32
		{9FD6434C-6C43-4239-AD19-67F88789A1E6}.Debug|Any CPU.ActiveCfg = Debug|x64
		{9FD6434C-6C43-4239-AD19-67F88789A1E6}.Debug|Any CPU.Build.0 = Debug|x64
		{9FD6434C-6C43-4239-AD19-67F88789A1E6}.Debug|x64.ActiveCfg = Debug|x64
		{9FD6434C-6C43-4239-AD19-67F88789A1E6}.Debug|x64.Build.0 = Debug|x64
		{9FD6434C-6C43-4239-AD19-67F88789A1E6}.Debug|x86.ActiveCfg = Debug|Win32
		{9FD6434C-6C43-4239-AD19-67F88789A1E6}.Debug|x86.Build.0 = Debug|Win32
		{9FD6434C-6C43-4239-AD19-67F88789A1E6}.Release|Any CPU.ActiveCfg = Release|x64
		{9FD6434C-6C43-4239-AD19-67F88789A1E6}.Release|Any CPU.Build.0 = Release|x64
		{9FD6434C-6C43-4239-AD19-67F88789A1E6}.Release|x64.ActiveCfg = Release|x64
		{9FD6434C-6C43-4239-AD19-67F88789A1E6}.Release|x64.Build.0 = Release|x64
		{9FD6434C-6C43-4239-AD19-67F88789A1E6}.Release|x86.ActiveCfg = Release|Win32
		{9FD6434C-6C43-4239-AD19-67F88789A1E6}.Release|x86.Build.0 = Release|Win32
		{1B878128-F75B-4171-A252-E99E10CED69D}.Debug|Any CPU.ActiveCfg = Debug|x64
		{1B878128-F75B-4171-A252-E99E10CED69D}.Debug|Any CPU.Build.0 = Debug|x64
		{1B878128-F75B-4171-A252-E99E10CED69D}.Debug|x64.ActiveCfg = Debug|x64
		{1B878128-F75B-4171-A252-E99E10CED69D}.Debug|x64.Build.0 = Debug|x64
		{1B878128-F75B-4171-A252-E99E10CED69D}.Debug|x86.ActiveCfg = Debug|Win32
		{1B878128-F75B-4171-A252-E99E10CED69D}.Debug|x86.Build.0 = Debug|Win32
		{1B878128-F75B-4171-A252-E99E10CED69D}.Release|Any CPU.ActiveCfg = Release|x64
		{1B878128-F75B-4171-A252-E99E10CED69D}.Release|Any CPU.Build.0 = Release|x64
		{1B878128-F75B-4171-A252-E99E10CED69D}.Release|x64.ActiveCfg = Release|x64
		{1B878128-F75B-4171-A252-E99E10CED69D}.Release|x64.Build.0 = Release|x64
		{1B878128-F75B-4171-A252-E99E10CED69D}.Release|x86.ActiveCfg = Release|Win32
		{1B878128-F75B-4171-A252-E99E10CED69D}.Release|x86.Build.0 = Release|Win32
		{F52437E7-727F-4521-9AB8-1CB92C91560E}.Debug|Any CPU.ActiveCfg = Debug|x64
		{F52437E7-727F-4521-9AB8-1CB92C91560E}.Debug|Any CPU.Build.0 = Debug|x64
		{F52437E7-727F-4521-9AB8-1CB92C91560E}.Debug|x64.ActiveCfg = Debug|x64
		{F52437E7-727F-4521-9AB8-1CB92C91560E}.Debug|x64.Build.0 = Debug|x64
		{F52437E7-727F-4521-9AB8-1CB92C91560E}.Debug|x86.ActiveCfg = Debug|Win32
		{F52437E7-727F-4521-9AB8-1CB92C91560E}.Debug|x86.Build.0 = Debug|Win32
		{F52437E7-727F-4521-9AB8-1CB92C91560E}.Release|Any CPU.ActiveCfg = Release|x64
		{F52437E7-727F-4521-9AB8-1CB92C91560E}.Release|Any CPU.Build.0 = Release|x64
		{F52437E7-727F-4521-9AB8-1CB92C91560E}.Release|x64.ActiveCfg = Release|x64
		{F52437E7-727F-4521-9AB8-1CB92C91560E}.Release|x64.Build.0 = Release|x64
		{F52437E7-727F-4521-9AB8-1CB92C91560E}.Release|x86.ActiveCfg = Release|Win32
		{F52437E7-727F-4521-9AB8-1CB92C91560E}.Release|x86.Build.0 = Release|Win32
		{622BEE98-E1B8-45B8-AA9B-BBC9DAD1DD26}.Debug|Any CPU.ActiveCfg = Debug|x64
		{622BEE98-E1B8-45B8-AA9B-BBC9DAD1DD26}.Debug|Any CPU.Build.0 = Debug|x64
		{622BEE98-E1B8-45B8-AA9B-BBC9DAD1DD26}.Debug|x64.ActiveCfg = Debug|x64
		{622BEE98-E1B8-45B8-AA9B-BBC9DAD1DD26}.Debug|x64.Build.0 = Debug|x64
		{622BEE98-E1B8-45B8-AA9B-BBC9DAD1DD26}.Debug|x86.ActiveCfg = Debug|Win32
		{622BEE98-E1B8-45B8-AA9B-BBC9DAD1DD26}.Debug|x86.Build.0 = Debug|Win32
		{622BEE98-E1B8-45B8-AA9B-BBC9DAD1DD26}.Release|Any CPU.ActiveCfg = Release|x64
		{622BEE98-E1B8-45B8-AA9B-BBC9DAD1DD26}.Release|Any CPU.Build.0 = Release|x64
		{622BEE98-E1B8-45B8-AA9B-BBC9DAD1DD26}.Release|x64.ActiveCfg = Release|x64
		{622BEE98-E1B8-45B8-AA9B-BBC9DAD1DD26}.Release|x64.Build.0 = Release|x64
		{622BEE98-E1B8-45B8-AA9B-BBC9DAD1DD26}.Release|x86.ActiveCfg = Release|Win32
		{622BEE98-E1B8-45B8-AA9B-BBC9DAD1DD26}.Release|x86.Build.0 = Release|Win32
		{04A10214-FB2C-418C-9BE9-77F8035FE5BC}.Debug|Any CPU.ActiveCfg = Debug|x64
		{04A10214-FB2C-418C-9BE9-77F8035FE5BC}.Debug|Any CPU.Build.0 = Debug|x64
		{04A10214-FB2C-418C-9BE9-77F8035FE5BC}.Debug|x64.ActiveCfg = Debug|x64
		{04A10214-FB2C-418C-9BE9-77F8035FE5BC}.Debug|x64.Build.0 = Debug|x64
		{04A10214-FB2C-418C-9BE9-77F8035FE5BC}.Debug|x86.ActiveCfg = Debug|Win32
		{04A10214-FB2C-418C-9BE9-77F8035FE5BC}.Debug|x86.Build.0 = Debug|Win32
		{04A10214-FB2C-418C-9BE9-77F8035FE5BC}.Release|Any CPU.ActiveCfg = Release|x64
		{04A10214-FB2C-418C-9BE9-77F8035FE5BC}.Release|Any CPU.Build.0 = Release|x64
		{04A10214-FB2C-418C-9BE9-77F8035FE5BC}.Release|x64.ActiveCfg = Release|x64
		{04A10214-FB2C-418C-9BE9-77F8035FE5BC}.Release|x64.Build.0 = Release|x64
		{04A10214-FB2C-418C-9BE9-77F8035FE5BC}.Release|x86.ActiveCfg = Release|Win32
		{04A10214-FB2C-418C-9BE9-77F8035FE5BC}.Release|x86.Build.0 = Release|Win32
		{C27EA43D-3E63-41BF-ADF0-611C000875C5}.Debug|Any CPU.ActiveCfg = Debug|x64
		{C27EA43D-3E63-41BF-ADF0-611C000875C5}.Debug|Any CPU.Build.0 = Debug|x64
		{C27EA43D-3E63-41BF-ADF0-611C000875C5}.Debug|x64.ActiveCfg = Debug|x64
		{C27EA43D-3E63-41BF-ADF0-611C000875C5}.Debug|x64.Build.0 = Debug|x64
		{C27EA43D-3E63-41BF-ADF0-611C000875C5}.Debug|x86.ActiveCfg = Debug|Win32
		{C27EA43D-3E63-41BF-ADF0-611C000875C5}.Debug|x86.Build.0 = Debug|Win32
		{C27EA43D-3E63-41BF-ADF0-611C000875C5}.Release|Any CPU.ActiveCfg = Release|x64
		{C27EA43D-3E63-41BF-ADF0-611C000875C5}.Release|Any CPU.Build.0 = Release|x64
		{C27EA43D-3E63-41BF-ADF0-611C000875C5}.Release|x64.ActiveCfg = Release|x64
		{C27EA43D-3E63-41BF-ADF0-611C000875C5}.Release|x64.Build.0 = Release|x64
		{C27EA43D-3E63-41BF-ADF0-611C000875C5}.Release|x86.ActiveCfg = Release|Win32
		{C27EA43D-3E63-41BF-ADF0-611C000875C5}.Release|x86.Build.0 = Release|Win32
		{BECACAA2-4927-4BF6-9C66-E17283644721}.Debug|Any CPU.ActiveCfg = Debug|x64
		{BECACAA2-4927-4BF6-9C66-E17283644721}.Debug|Any CPU.Build.0 = Debug|x64
		{BECACAA2-4927-4BF6-9C66-E17283644721}.Debug|x64.ActiveCfg = Debug|x64
		{BECACAA2-4927-4BF6-9C66-E17283644721}.Debug|x64.Build.0 = Debug|x64
		{BECACAA2-4927-4BF6-9C66-E17283644721}.Debug|x86.ActiveCfg = Debug|Win32
		{BECACAA2-4927-4BF6-9C66-E17283644721}.Debug|x86.Build.0 = Debug|Win32
		{BECACAA2-4927-4BF6-9C66-E17283644721}.Release|Any CPU.ActiveCfg = Release|x64
		{BECACAA2-4927-4BF6-9C66-E17283644721}.Release|Any CPU.Build.0 = Release|x64
		{BECACAA2-4927-4BF6-9C66-E17283644721}.Release|x64.ActiveCfg = Release|x64
		{BECACAA2-4927-4BF6-9C66-E17283644721}.Release|x64.Build.0 = Release|x64
		{BECACAA2-4927-4BF6-9C66-E17283644721}.Release|x86.ActiveCfg = Release|Win32
		{BECACAA2-4927-4BF6-9C66-E17283644721}.Release|x86.Build.0 = Release|Win32
		{BF6D1028-B3E5-47B0-84FC-BC4513186E33}.Debug|Any CPU.ActiveCfg = Debug|x64
		{BF6D1028-B3E5-47B0-84FC-BC4513186E33}.Debug|Any CPU.Build.0 = Debug|x64
		{BF6D1028-B3E5-47B0-84FC-BC4513186E33}.Debug|x64.ActiveCfg = Debug|x64
		{BF6D1028-B3E5-47B0-84FC-BC4513186E33}.Debug|x64.Build.0 = Debug|x64
		{BF6D1028-B3E5-47B0-84FC-BC4513186E33}.Debug|x86.ActiveCfg = Debug|Win32
		{BF6D1028-B3E5-47B0-84FC-BC4513186E33}.Debug|x86.Build.0 = Debug|Win32
		{BF6D1028-B3E5-47B0-84FC-BC4513186E33}.Release|Any CPU.ActiveCfg = Release|x64
		{BF6D1028-B3E5-47B0-84FC-BC4513186E33}.Release|Any CPU.Build.0 = Release|x64
		{BF6D1028-B3E5-47B0-84FC-BC4513186E33}.Release|x64.ActiveCfg = Release|x64
		{BF6D1028-B3E5-47B0-84FC-BC4513186E33}.Release|x64.Build.0 = Release|x64
		{BF6D1028-B3E5-47B0-84FC-BC4513186E33}.Release|x86.ActiveCfg = Release|Win32
		{BF6D1028-B3E5-47B0-84FC-BC4513186E33}.Release|x86.Build.0 = Release|Win32
		{D22B8619-EE3C-4EC0-B3D8-2F2498B7C3E4}.Debug|Any CPU.ActiveCfg = Debug|x64
		{D22B8619-EE3C-4EC0-B3D8-2F2498B7C3E4}.Debug|Any CPU.Build.0 = Debug|x64
		{D22B8619-EE3C-4EC0-B3D8-2F2498B7C3E4}.Debug|x64.ActiveCfg = Debug|x64
		{D22B8619-EE3C-4EC0-B3D8-2F2498B7C3E4}.Debug|x64.Build.0 = Debug|x64
		{D22B8619-EE3C-4EC0-B3D8-2F2498B7C3E4}.Debug|x86.ActiveCfg = Debug|Win32
		{D22B8619-EE3C-4EC0-B3D8-2F2498B7C3E4}.Debug|x86.Build.0 = Debug|Win32
		{D22B8619-EE3C-4EC0-B3D8-2F2498B7C3E4}.Release|Any CPU.ActiveCfg = Release|x64
		{D22B8619-EE3C-4EC0-B3D8-2F2498B7C3E4}.Release|Any CPU.Build.0 = Release|x64
		{D22B8619-EE3C-4EC0-B3D8-2F2498B7C3E4}.Release|x64.ActiveCfg = Release|x64
		{D22B8619-EE3C-4EC0-B3D8-2F2498B7C3E4}.Release|x64.Build.0 = Release|x64
		{D22B8619-EE3C-4EC0-B3D8-2F2498B7C3E4}.Release|x86.ActiveCfg = Release|Win32
		{D22B8619-EE3C-4EC0-B3D8-2F2498B7C3E4}.Release|x86.Build.0 = Release|Win32
		{BE0CE65F-F864-4409-8482-EB29B56C44E7}.Debug|Any CPU.ActiveCfg = Debug|x64
		{BE0CE65F-F864-4409-8482-EB29B56C44E7}.Debug|Any CPU.Build.0 = Debug|x64
		{BE0CE65F-F864-4409-8482-EB29B56C44E7}.Debug|x64.ActiveCfg = Debug|x64
		{BE0CE65F-F864-4409-8482-EB29B56C44E7}.Debug|x64.Build.0 = Debug|x64
		{BE0CE65F-F864-4409-8482-EB29B56C44E7}.Debug|x86.ActiveCfg = Debug|Win32
		{BE0CE65F-F864-4409-8482-EB29B56C44E7}.Debug|x86.Build.0 = Debug|Win32
		{BE0CE65F-F864-4409-8482-EB29B56C44E7}.Release|Any CPU.ActiveCfg = Release|x64
		{BE0CE65F-F864-4409-8482-EB29B56C44E7}.Release|Any CPU.Build.0 = Release|x64
		{BE0CE65F-F864-4409-8482-EB29B56C44E7}.Release|x64.ActiveCfg = Release|x64
		{BE0CE65F-F864-4409-8482-EB29B56C44E7}.Release|x64.Build.0 = Release|x64
		{BE0CE65F-F864-4409-8482-EB29B56C44E7}.Release|x86.ActiveCfg = Release|Win32
		{BE0CE65F-F864-4409-8482-EB29B56C44E7}.Release|x86.Build.0 = Release|Win32
		{0DA18872-228B-4894-A76B-90C1C9C2C7E9}.Debug|Any CPU.ActiveCfg = Debug|x64
		{0DA18872-228B-4894-A76B-90C1C9C2C7E9}.Debug|Any CPU.Build.0 = Debug|x64
		{0DA18872-228B-4894-A76B-90C1C9C2C7E9}.Debug|x64.ActiveCfg = Debug|x64
		{0DA18872-228B-4894-A76B-90C1C9C2C7E9}.Debug|x64.Build.0 = Debug|x64
		{0DA18872-228B-4894-A76B-90C1C9C2C7E9}.Debug|x86.ActiveCfg = Debug|Win32
		{0DA18872-228B-4894-A76B-90C1C9C2C7E9}.Debug|x86.Build.0 = Debug|Win32
		{0DA18872-228B-4894-A76B-90C1C9C2C7E9}.Release|Any CPU.ActiveCfg = Release|x64
		{0DA18872-228B-4894-A76B-90C1C9C2C7E9}.Release|Any CPU.Build.0 = Release|x64
		{0DA18872-228B-4894-A76B-90C1C9C2C7E9}.Release|x64.ActiveCfg = Release|x64
		{0DA18872-228B-4894-A76B-90C1C9C2C7E9}.Release|x64.Build.0 = Release|x64
		{0DA18872-228B-4894-A76B-90C1C9C2C7E9}.Release|x86.ActiveCfg = Release|Win32
		{0DA18872-228B-4894-A76B-90C1C9C2C7E9}.Release|x86.Build.0 = Release|Win32
		{668764EE-F30D-496F-9C4D-D0EFFF94FB4D}.Debug|Any CPU.ActiveCfg = Debug|x64
		{668764EE-F30D-496F-9C4D-D0EFFF94FB4D}.Debug|Any CPU.Build.0 = Debug|x64
		{668764EE-F30D-496F-9C4D-D0EFFF94FB4D}.Debug|x64.ActiveCfg = Debug|x64
		{668764EE-F30D-496F-9C4D-D0EFFF94FB4D}.Debug|x64.Build.0 = Debug|x64
		{668764EE-F30D-496F-9C4D-D0EFFF94FB4D}.Debug|x86.ActiveCfg = Debug|Win32
		{668764EE-F30D-496F-9C4D-D0EFFF94FB4D}.Debug|x86.Build.0 = Debug|Win32
		{668764EE-F30D-496F-9C4D-D0EFFF94FB4D}.Release|Any CPU.ActiveCfg = Release|x64
		{668764EE-F30D-496F-9C4D-D0EFFF94FB4D}.Release|Any CPU.Build.0 = Release|x64
		{668764EE-F30D-496F-9C4D-D0EFFF94FB4D}.Release|x64.ActiveCfg = Release|x64
		{668764EE-F30D-496F-9C4D-D0EFFF94FB4D}.Release|x64.Build.0 = Release|x64
		{668764EE-F30D-496F-9C4D-D0EFFF94FB4D}.Release|x86.ActiveCfg = Release|Win32
		{668764EE-F30D-496F-9C4D-D0EFFF94FB4D}.Release|x86.Build.0 = Release|Win32
		{6A160354-3ADE-4E03-9717-6EC1BB7E3334}.Debug|Any CPU.ActiveCfg = Debug|x64
		{6A160354-3ADE-4E03-9717-6EC1BB7E3334}.Debug|Any CPU.Build.0 = Debug|x64
		{6A160354-3ADE-4E03-9717-6EC1BB7E3334}.Debug|x64.ActiveCfg = Debug|x64
		{6A160354-3ADE-4E03-9717-6EC1BB7E3334}.Debug|x64.Build.0 = Debug|x64
		{6A160354-3ADE-4E03-9717-6EC1BB7E3334}.Debug|x86.ActiveCfg = Debug|Win32
		{6A160354-3ADE-4E03-9717-6EC1BB7E3334}.Debug|x86.Build.0 = Debug|Win32
		{6A160354-3ADE-4E03-9717-6EC1BB7E3334}.Release|Any CPU.ActiveCfg = Release|x64
		{6A160354-3ADE-4E03-9717-6EC1BB7E3334}.Release|Any CPU.Build.0 = Release|x64
		{6A160354-3ADE-4E03-9717-6EC1BB7E3334}.Release|x64.ActiveCfg = Release|x64
		{6A160354-3ADE-4E03-9717-6EC1BB7E3334}.Release|x64.Build.0 = Release|x64
		{6A160354-3ADE-4E03-9717-6EC1BB7E3334}.Release|x86.ActiveCfg = Release|Win32
		{6A160354-3ADE-4E03-9717-6EC1BB7E3334}.Release|x86.Build.0 = Release|Win32
		{9F72D70E-4A37-4559-8F62-CDFE24F89D66}.Debug|Any CPU.ActiveCfg = Debug|x64
		{9F72D70E-4A37-4559-8F62-CDFE24F89D66}.Debug|Any CPU.Build.0 = Debug|x64
		{9F72D70E-4A37-4559-8F62-CDFE24F89D66}.Debug|x64.ActiveCfg = Debug|x64
		{9F72D70E-4A37-4559-8F62-CDFE24F89D66}.Debug|x64.Build.0 = Debug|x64
		{9F72D70E-4A37-4559-8F62-CDFE24F89D66}.Debug|x86.ActiveCfg = Debug|Win32
		{9F72D70E-4A37-4559-8F62-CDFE24F89D66}.Debug|x86.Build.0 = Debug|Win32
		{9F72D70E-4A37-4559-8F62-CDFE24F89D66}.Release|Any CPU.ActiveCfg = Release|x64
		{9F72D70E-4A37-4559-8F62-CDFE24F89D66}.Release|Any CPU.Build.0 = Release|x64
		{9F72D70E-4A37-4559-8F62-CDFE24F89D66}.Release|x64.ActiveCfg = Release|x64
		{9F72D70E-4A37-4559-8F62-CDFE24F89D66}.Release|x64.Build.0 = Release|x64
		{9F72D70E-4A37-4559-8F62-CDFE24F89D66}.Release|x86.ActiveCfg = Release|Win32
		{9F72D70E-4A37-4559-8F62-CDFE24F89D66}.Release|x86.Build.0 = Release|Win32
		{82565197-F1B1-4426-BDEC-F8E7D6D2E24A}.Debug|Any CPU.ActiveCfg = Debug|x64
		{82565197-F1B1-4426-BDEC-F8E7D6D2E24A}.Debug|Any CPU.Build.0 = Debug|x64
		{82565197-F1B1-4426-BDEC-F8E7D6D2E24A}.Debug|x64.ActiveCfg = Debug|x64
		{82565197-F1B1-4426-BDEC-F8E7D6D2E24A}.Debug|x64.Build.0 = Debug|x64
		{82565197-F1B1-4426-BDEC-F8E7D6D2E24A}.Debug|x86.ActiveCfg = Debug|Win32
		{82565197-F1B1-4426-BDEC-F8E7D6D2E24A}.Debug|x86.Build.0 = Debug|Win32
		{82565197-F1B1-4426-BDEC-F8E7D6D2E24A}.Release|Any CPU.ActiveCfg = Release|x64
		{82565197-F1B1-4426-BDEC-F8E7D6D2E24A}.Release|Any CPU.Build.0 = Release|x64
		{82565197-F1B1-4426-BDEC-F8E7D6D2E24A}.Release|x64.ActiveCfg = Release|x64
		{82565197-F1B1-4426-BDEC-F8E7D6D2E24A}.Release|x64.Build.0 = Release|x64
		{82565197-F1B1-4426-BDEC-F8E7D6D2E24A}.Release|x86.ActiveCfg = Release|Win32
		{82565197-F1B1-4426-BDEC-F8E7D6D2E24A}.Release|x86.Build.0 = Release|Win32
		{96DE9011-712C-455E-9857-7035B019F237}.Debug|Any CPU.ActiveCfg = Debug|x64
		{96DE9011-712C-455E-9857-7035B019F237}.Debug|Any CPU.Build.0 = Debug|x64
		{96DE9011-712C-455E-9857-7035B019F237}.Debug|x64.ActiveCfg = Debug|x64
		{96DE9011-712C-455E-9857-7035B019F237}.Debug|x64.Build.0 = Debug|x64
		{96DE9011-712C-455E-9857-7035B019F237}.Debug|x86.ActiveCfg = Debug|Win32
		{96DE9011-712C-455E-9857-7035B019F237}.Debug|x86.Build.0 = Debug|Win32
		{96DE9011-712C-455E-9857-7035B019F237}.Release|Any CPU.ActiveCfg = Release|x64
		{96DE9011-712C-455E-9857-7035B019F237}.Release|Any CPU.Build.0 = Release|x64
		{96DE9011-712C-455E-9857-7035B019F237}.Release|x64.ActiveCfg = Release|x64
		{96DE9011-712C-455E-9857-7035B019F237}.Release|x64.Build.0 = Release|x64
		{96DE9011-712C-455E-9857-7035B019F237}.Release|x86.ActiveCfg = Release|Win32
		{96DE9011-712C-455E-9857-7035B019F237}.Release|x86.Build.0 = Release|Win32
		{A2A39AF7-8C4E-4840-AD0F-0B7C7C4486BE}.Debug|Any CPU.ActiveCfg = Debug|x64
		{A2A39AF7-8C4E-4840-AD0F-0B7C7C4486BE}.Debug|Any CPU.Build.0 = Debug|x64
		{A2A39AF7-8C4E-4840-AD0F-0B7C7C4486BE}.Debug|x64.ActiveCfg = Debug|x64
		{A2A39AF7-8C4E-4840-AD0F-0B7C7C4486BE}.Debug|x64.Build.0 = Debug|x64
		{A2A39AF7-8C4E-4840-AD0F-0B7C7C4486BE}.Debug|x86.ActiveCfg = Debug|Win32
		{A2A39AF7-8C4E-4840-AD0F-0B7C7C4486BE}.Debug|x86.Build.0 = Debug|Win32
		{A2A39AF7-8C4E-4840-AD0F-0B7C7C4486BE}.Release|Any CPU.ActiveCfg = Release|x64
		{A2A39AF7-8C4E-4840-AD0F-0B7C7C4486BE}.Release|Any CPU.Build.0 = Release|x64
		{A2A39AF7-8C4E-4840-AD0F-0B7C7C4486BE}.Release|x64.ActiveCfg = Release|x64
		{A2A39AF7-8C4E-4840-AD0F-0B7C7C4486BE}.Release|x64.Build.0 = Release|x64
		{A2A39AF7-8C4E-4840-AD0F-0B7C7C4486BE}.Release|x86.ActiveCfg = Release|Win32
		{A2A39AF7-8C4E-4840-AD0F-0B7C7C4486BE}.Release|x86.Build.0 = Release|Win32
		{8C76471B-F07E-4802-9FFE-147717BA5EDD}.Debug|Any CPU.ActiveCfg = Debug|x64
		{8C76471B-F07E-4802-9FFE-147717BA5EDD}.Debug|Any CPU.Build.0 = Debug|x64
		{8C76471B-F07E-4802-9FFE-147717BA5EDD}.Debug|x64.ActiveCfg = Debug|x64
		{8C76471B-F07E-4802-9FFE-147717BA5EDD}.Debug|x64.Build.0 = Debug|x64
		{8C76471B-F07E-4802-9FFE-147717BA5EDD}.Debug|x86.ActiveCfg = Debug|Win32
		{8C76471B-F07E-4802-9FFE-147717BA5EDD}.Debug|x86.Build.0 = Debug|Win32
		{8C76471B-F07E-4802-9FFE-147717BA5EDD}.Release|Any CPU.ActiveCfg = Release|x64
		{8C76471B-F07E-4802-9FFE-147717BA5EDD}.Release|Any CPU.Build.0 = Release|x64
		{8C76471B-F07E-4802-9FFE-147717BA5EDD}.Release|x64.ActiveCfg = Release|x64
		{8C76471B-F07E-4802-9FFE-147717BA5EDD}.Release|x64.Build.0 = Release|x64
		{8C76471B-F07E-4802-9FFE-147717BA5EDD}.Release|x86.ActiveCfg = Release|Win32
		{8C76471B-F07E-4802-9FFE-147717BA5EDD}.Release|x86.Build.0 = Release|Win32
		{50B64D18-B7E0-4E3E-AD76-AAFA4E340C02}.Debug|Any CPU.ActiveCfg = Debug|x64
		{50B64D18-B7E0-4E3E-AD76-AAFA4E340C02}.Debug|Any CPU.Build.0 = Debug|x64
		{50B64D18-B7E0-4E3E-AD76-AAFA4E340C02}.Debug|x64.ActiveCfg = Debug|x64
		{50B64D18-B7E0-4E3E-AD76-AAFA4E340C02}.Debug|x64.Build.0 = Debug|x64
		{50B64D18-B7E0-4E3E-AD76-AAFA4E340C02}.Debug|x86.ActiveCfg = Debug|Win32
		{50B64D18-B7E0-4E3E-AD76-AAFA4E340C02}.Debug|x86.Build.0 = Debug|Win32
		{50B64D18-B7E0-4E3E-AD76-AAFA4E340C02}.Release|Any CPU.ActiveCfg = Release|x64
		{50B64D18-B7E0-4E3E-AD76-AAFA4E340C02}.Release|Any CPU.Build.0 = Release|x64
		{50B64D18-B7E0-4E3E-AD76-AAFA4E340C02}.Release|x64.ActiveCfg = Release|x64
		{50B64D18-B7E0-4E3E-AD76-AAFA4E340C02}.Release|x64.Build.0 = Release|x64
		{50B64D18-B7E0-4E3E-AD76-AAFA4E340C02}.Release|x86.ActiveCfg = Release|Win32
		{50B64D18-B7E0-4E3E-AD76-AAFA4E340C02}.Release|x86.Build.0 = Release|Win32
		{65BC851C-FF94-494E-B55A-B79A0E3D966F}.Debug|Any CPU.ActiveCfg = Debug|x64
		{65BC851C-FF94-494E-B55A-B79A0E3D966F}.Debug|Any CPU.Build.0 = Debug|x64
		{65BC851C-FF94-494E-B55A-B79A0E3D966F}.Debug|x64.ActiveCfg = Debug|x64
		{65BC851C-FF94-494E-B55A-B79A0E3D966F}.Debug|x64.Build.0 = Debug|x64
		{65BC851C-FF94-494E-B55A-B79A0E3D966F}.Debug|x86.ActiveCfg = Debug|Win32
		{65BC851C-FF94-494E-B55A-B79A0E3D966F}.Debug|x86.Build.0 = Debug|Win32
		{65BC851C-FF94-494E-B55A-B79A0E3D966F}.Release|Any CPU.ActiveCfg = Release|x64
		{65BC851C-FF94-494E-B55A-B79A0E3D966F}.Release|Any CPU.Build.0 = Release|x64
		{65BC851C-FF94-494E-B55A-B79A0E3D966F}.Release|x64.ActiveCfg = Release|x64
		{65BC851C-FF94-494E-B55A-B79A0E3D966F}.Release|x64.Build.0 = Release|x64
		{65BC851C-FF94-494E-B55A-B79A0E3D966F}.Release|x86.ActiveCfg = Release|Win32
		{65BC851C-FF94-494E-B55A-B79A0E3D966F}.Release|x86.Build.0 = Release|Win32
		{52F86617-6F89-40AB-AEB9-2A0A0D52478B}.Debug|Any CPU.ActiveCfg = Debug|x64
		{52F86617-6F89-40AB-AEB9-2A0A0D52478B}.Debug|Any CPU.Build.0 = Debug|x64
		{52F86617-6F89-40AB-AEB9-2A0A0D52478B}.Debug|x64.ActiveCfg = Debug|x64
		{52F86617-6F89-40AB-AEB9-2A0A0D52478B}.Debug|x64.Build.0 = Debug|x64
		{52F86617-6F89-40AB-AEB9-2A0A0D52478B}.Debug|x86.ActiveCfg = Debug|Win32
		{52F86617-6F89-40AB-AEB9-2A0A0D52478B}.Debug|x86.Build.0 = Debug|Win32
		{52F86617-6F89-40AB-AEB9-2A0A0D52478B}.Release|Any CPU.ActiveCfg = Release|x64
		{52F86617-6F89-40AB-AEB9-2A0A0D52478B}.Release|Any CPU.Build.0 = Release|x64
		{52F86617-6F89-40AB-AEB9-2A0A0D52478B}.Release|x64.ActiveCfg = Release|x64
		{52F86617-6F89-40AB-AEB9-2A0A0D52478B}.Release|x64.Build.0 = Release|x64
		{52F86617-6F89-40AB-AEB9-2A0A0D52478B}.Release|x86.ActiveCfg = Release|Win32
		{52F86617-6F89-40AB-AEB9-2A0A0D52478B}.Release|x86.Build.0 = Release|Win32
	EndGlobalSection
	GlobalSection(SolutionProperties) = preSolution
		HideSolutionNode = FALSE
	EndGlobalSection
	GlobalSection(NestedProjects) = preSolution
		{7D8E9312-1505-4201-9585-A36C6C1F28B7} = {34F981DE-7E98-4CCD-A645-E65F4B1C0B61}
		{406B9C25-F1B6-4CAC-B4CA-2210E57DD82E} = {51FBC7E1-6EA1-4A23-A4FA-ACA1BDA82021}
		{9FD6434C-6C43-4239-AD19-67F88789A1E6} = {51FBC7E1-6EA1-4A23-A4FA-ACA1BDA82021}
		{1B878128-F75B-4171-A252-E99E10CED69D} = {AAD67A5D-0D05-4FB9-9532-EC20577F3790}
		{F52437E7-727F-4521-9AB8-1CB92C91560E} = {AAD67A5D-0D05-4FB9-9532-EC20577F3790}
		{622BEE98-E1B8-45B8-AA9B-BBC9DAD1DD26} = {90E2536F-7BD5-44A0-9FD5-6F601D850AC9}
		{04A10214-FB2C-418C-9BE9-77F8035FE5BC} = {90E2536F-7BD5-44A0-9FD5-6F601D850AC9}
		{C27EA43D-3E63-41BF-ADF0-611C000875C5} = {90E2536F-7BD5-44A0-9FD5-6F601D850AC9}
		{BECACAA2-4927-4BF6-9C66-E17283644721} = {90E2536F-7BD5-44A0-9FD5-6F601D850AC9}
		{BF6D1028-B3E5-47B0-84FC-BC4513186E33} = {3A52658F-2C03-403D-A5AE-E77BE01F6EA7}
		{D22B8619-EE3C-4EC0-B3D8-2F2498B7C3E4} = {DB3A221B-5B34-4F20-B9BE-CD4446FAA6C6}
		{BE0CE65F-F864-4409-8482-EB29B56C44E7} = {DB3A221B-5B34-4F20-B9BE-CD4446FAA6C6}
		{0DA18872-228B-4894-A76B-90C1C9C2C7E9} = {DB3A221B-5B34-4F20-B9BE-CD4446FAA6C6}
		{668764EE-F30D-496F-9C4D-D0EFFF94FB4D} = {DB3A221B-5B34-4F20-B9BE-CD4446FAA6C6}
		{6A160354-3ADE-4E03-9717-6EC1BB7E3334} = {C4998BFF-8B4D-4DCE-B1AC-B375CF409C73}
		{9F72D70E-4A37-4559-8F62-CDFE24F89D66} = {F64B5841-740A-4B02-B7B8-7250DE97C98E}
		{82565197-F1B1-4426-BDEC-F8E7D6D2E24A} = {3E51B1E9-8332-4C78-BE94-D3DA9425E3EF}
		{96DE9011-712C-455E-9857-7035B019F237} = {3E51B1E9-8332-4C78-BE94-D3DA9425E3EF}
		{A2A39AF7-8C4E-4840-AD0F-0B7C7C4486BE} = {3E51B1E9-8332-4C78-BE94-D3DA9425E3EF}
		{8C76471B-F07E-4802-9FFE-147717BA5EDD} = {6AD0CA6D-19F2-4E75-B5F2-91B4654B3AE6}
		{50B64D18-B7E0-4E3E-AD76-AAFA4E340C02} = {6AD0CA6D-19F2-4E75-B5F2-91B4654B3AE6}
		{3A52658F-2C03-403D-A5AE-E77BE01F6EA7} = {D8F6B3DE-5584-4AC0-ACDC-E3B9B6A51419}
		{C4998BFF-8B4D-4DCE-B1AC-B375CF409C73} = {D8F6B3DE-5584-4AC0-ACDC-E3B9B6A51419}
		{3A68595D-475D-4E83-B76E-A846E8236A2E} = {D8F6B3DE-5584-4AC0-ACDC-E3B9B6A51419}
		{EB2939E8-3FC3-478B-9F99-0340A97BBAF8} = {D8F6B3DE-5584-4AC0-ACDC-E3B9B6A51419}
		{65BC851C-FF94-494E-B55A-B79A0E3D966F} = {3A68595D-475D-4E83-B76E-A846E8236A2E}
		{52F86617-6F89-40AB-AEB9-2A0A0D52478B} = {EB2939E8-3FC3-478B-9F99-0340A97BBAF8}
	EndGlobalSection
	GlobalSection(ExtensibilityGlobals) = postSolution
		SolutionGuid = {BD8E312E-2BE9-43B0-A9CF-88EBADFA8887}
	EndGlobalSection
EndGlobal
